<?xml version="1.0" encoding="UTF-8"?>
<Scheme
   LastUpgradeVersion = "0600"
   version = "1.3">
   <BuildAction
      parallelizeBuildables = "YES"
      buildImplicitDependencies = "YES">
      <BuildActionEntries>
         <BuildActionEntry
            buildForTesting = "YES"
            buildForRunning = "YES"
            buildForProfiling = "YES"
            buildForArchiving = "YES"
            buildForAnalyzing = "YES">
            <BuildableReference
               BuildableIdentifier = "primary"
               BlueprintIdentifier = "FAAF4F8E1986DCE20001BFE1"
               BuildableName = "Stack Overflow App.app"
               BlueprintName = "Stack Overflow App"
               ReferencedContainer = "container:Stack Overflow App.xcodeproj">
            </BuildableReference>
         </BuildActionEntry>
      </BuildActionEntries>
   </BuildAction>
   <TestAction
      selectedDebuggerIdentifier = "Xcode.DebuggerFoundation.Debugger.LLDB"
      selectedLauncherIdentifier = "Xcode.DebuggerFoundation.Launcher.LLDB"
      shouldUseLaunchSchemeArgsEnv = "YES"
      buildConfiguration = "Debug">
      <Testables>
         <TestableReference
            skipped = "NO">
            <BuildableReference
               BuildableIdentifier = "primary"
               BlueprintIdentifier = "FAAF4FA01986DCE20001BFE1"
               BuildableName = "Stack Overflow AppTests.xctest"
               BlueprintName = "Stack Overflow AppTests"
               ReferencedContainer = "container:Stack Overflow App.xcodeproj">
            </BuildableReference>
            <SkippedTests>
               <Test
                  Identifier = "Stack_Overflow_AppTests/testAnswerInstantiation()">
               </Test>
               <Test
                  Identifier = "Stack_Overflow_AppTests/testQuestionInstantiation()">
               </Test>
               <Test
                  Identifier = "Stack_Overflow_AppTests/testUserInstantiation()">
               </Test>
            </SkippedTests>
         </TestableReference>
      </Testables>
      <MacroExpansion>
         <BuildableReference
            BuildableIdentifier = "primary"
            BlueprintIdentifier = "FAAF4F8E1986DCE20001BFE1"
            BuildableName = "Stack Overflow App.app"
            BlueprintName = "Stack Overflow App"
            ReferencedContainer = "container:Stack Overflow App.xcodeproj">
         </BuildableReference>
      </MacroExpansion>
   </TestAction>
   <LaunchAction
      selectedDebuggerIdentifier = "Xcode.DebuggerFoundation.Debugger.LLDB"
      selectedLauncherIdentifier = "Xcode.DebuggerFoundation.Launcher.LLDB"
      launchStyle = "0"
      useCustomWorkingDirectory = "NO"
      buildConfiguration = "Debug"
      ignoresPersistentStateOnLaunch = "NO"
      debugDocumentVersioning = "YES"
      allowLocationSimulation = "YES">
      <BuildableProductRunnable>
         <BuildableReference
            BuildableIdentifier = "primary"
            BlueprintIdentifier = "FAAF4F8E1986DCE20001BFE1"
            BuildableName = "Stack Overflow App.app"
            BlueprintName = "Stack Overflow App"
            ReferencedContainer = "container:Stack Overflow App.xcodeproj">
         </BuildableReference>
      </BuildableProductRunnable>
      <AdditionalOptions>
      </AdditionalOptions>
   </LaunchAction>
   <ProfileAction
      shouldUseLaunchSchemeArgsEnv = "YES"
      savedToolIdentifier = ""
      useCustomWorkingDirectory = "NO"
      buildConfiguration = "Release"
      debugDocumentVersioning = "YES">
      <BuildableProductRunnable>
         <BuildableReference
            BuildableIdentifier = "primary"
            BlueprintIdentifier = "FAAF4F8E1986DCE20001BFE1"
            BuildableName = "Stack Overflow App.app"
            BlueprintName = "Stack Overflow App"
            ReferencedContainer = "container:Stack Overflow App.xcodeproj">
         </BuildableReference>
      </BuildableProductRunnable>
   </ProfileAction>
   <AnalyzeAction
      buildConfiguration = "Debug">
   </AnalyzeAction>
   <ArchiveAction
      buildConfiguration = "Release"
      revealArchiveInOrganizer = "YES">
   </ArchiveAction>
</Scheme>
